
Microsoft Visual Studio Solution File, Format Version 12.00
# Visual Studio Version 17
VisualStudioVersion = 17.13.35931.197
MinimumVisualStudioVersion = 10.0.40219.1
Project("{FAE04EC0-301F-11D3-BF4B-00C04F79EFBC}") = "projectTracker.Api", "projectTracker\projectTracker.Api.csproj", "{56B88BA8-8525-41CF-A8F6-6013E3BD1945}"
EndProject
Project("{FAE04EC0-301F-11D3-BF4B-00C04F79EFBC}") = "projectTracker.Domain", "projectTracker.Domain\projectTracker.Domain.csproj", "{F866AFB2-60F5-4BA2-B574-45A71FADA165}"
EndProject
Project("{FAE04EC0-301F-11D3-BF4B-00C04F79EFBC}") = "projectTracker.Infrastructure", "projectTracker.Infrastructure\projectTracker.Infrastructure.csproj", "{254C17B9-4CA5-4431-BD65-F9AC36C5747A}"
EndProject
Project("{FAE04EC0-301F-11D3-BF4B-00C04F79EFBC}") = "projectTracker.Application", "projectTracker.Application\projectTracker.Application.csproj", "{C97B301A-B573-4519-B756-35D65D2F5586}"
EndProject
Global
	GlobalSection(SolutionConfigurationPlatforms) = preSolution
		Debug|Any CPU = Debug|Any CPU
		Release|Any CPU = Release|Any CPU
	EndGlobalSection
	GlobalSection(ProjectConfigurationPlatforms) = postSolution
		{56B88BA8-8525-41CF-A8F6-6013E3BD1945}.Debug|Any CPU.ActiveCfg = Debug|Any CPU
		{56B88BA8-8525-41CF-A8F6-6013E3BD1945}.Debug|Any CPU.Build.0 = Debug|Any CPU
		{56B88BA8-8525-41CF-A8F6-6013E3BD1945}.Release|Any CPU.ActiveCfg = Release|Any CPU
		{56B88BA8-8525-41CF-A8F6-6013E3BD1945}.Release|Any CPU.Build.0 = Release|Any CPU
		{F866AFB2-60F5-4BA2-B574-45A71FADA165}.Debug|Any CPU.ActiveCfg = Debug|Any CPU
		{F866AFB2-60F5-4BA2-B574-45A71FADA165}.Debug|Any CPU.Build.0 = Debug|Any CPU
		{F866AFB2-60F5-4BA2-B574-45A71FADA165}.Release|Any CPU.ActiveCfg = Release|Any CPU
		{F866AFB2-60F5-4BA2-B574-45A71FADA165}.Release|Any CPU.Build.0 = Release|Any CPU
		{254C17B9-4CA5-4431-BD65-F9AC36C5747A}.Debug|Any CPU.ActiveCfg = Debug|Any CPU
		{254C17B9-4CA5-4431-BD65-F9AC36C5747A}.Debug|Any CPU.Build.0 = Debug|Any CPU
		{254C17B9-4CA5-4431-BD65-F9AC36C5747A}.Release|Any CPU.ActiveCfg = Release|Any CPU
		{254C17B9-4CA5-4431-BD65-F9AC36C5747A}.Release|Any CPU.Build.0 = Release|Any CPU
		{C97B301A-B573-4519-B756-35D65D2F5586}.Debug|Any CPU.ActiveCfg = Debug|Any CPU
		{C97B301A-B573-4519-B756-35D65D2F5586}.Debug|Any CPU.Build.0 = Debug|Any CPU
		{C97B301A-B573-4519-B756-35D65D2F5586}.Release|Any CPU.ActiveCfg = Release|Any CPU
		{C97B301A-B573-4519-B756-35D65D2F5586}.Release|Any CPU.Build.0 = Release|Any CPU
	EndGlobalSection
	GlobalSection(SolutionProperties) = preSolution
		HideSolutionNode = FALSE
	EndGlobalSection
	GlobalSection(ExtensibilityGlobals) = postSolution
		SolutionGuid = {F5982B87-298A-4EF3-8427-9DA5C610FC4E}
	EndGlobalSection
EndGlobal
